{
  "name": "api-to-go",
  "version": "0.1.0",
  "lockfileVersion": 1,
  "requires": true,
  "dependencies": {
    "kyc": {
      "version": "0.1.17",
      "resolved": "https://registry.npmjs.org/kyc/-/kyc-0.1.17.tgz",
      "integrity": "sha512-PZ62t394oDXtD4d+wNiy8fE3bRGFZu3B1MJdJmpRx+gtFTm6WL6zk7D6n7VwduLFYcicw9N8uxbynf/jDwDumw=="
    }
  }
}
